
Microsoft Visual Studio Solution File, Format Version 10.00
# Visual Studio 2008
Project("{FAE04EC0-301F-11D3-BF4B-00C04F79EFBC}") = "MightyGumball", "MightyGumball\MightyGumball.csproj", "{88C3367D-92F9-4473-A28F-6D2044498659}"
EndProject
Global
	GlobalSection(SolutionConfigurationPlatforms) = preSolution
		Debug|Any CPU = Debug|Any CPU
		Release|Any CPU = Release|Any CPU
	EndGlobalSection
	GlobalSection(ProjectConfigurationPlatforms) = postSolution
		{88C3367D-92F9-4473-A28F-6D2044498659}.Debug|Any CPU.ActiveCfg = Debug|Any CPU
		{88C3367D-92F9-4473-A28F-6D2044498659}.Debug|Any CPU.Build.0 = Debug|Any CPU
		{88C3367D-92F9-4473-A28F-6D2044498659}.Release|Any CPU.ActiveCfg = Release|Any CPU
		{88C3367D-92F9-4473-A28F-6D2044498659}.Release|Any CPU.Build.0 = Release|Any CPU
	EndGlobalSection
	GlobalSection(SolutionProperties) = preSolution
		HideSolutionNode = FALSE
	EndGlobalSection
EndGlobal
