
Microsoft Visual Studio Solution File, Format Version 10.00
# Visual Studio 2008
Project("{FAE04EC0-301F-11D3-BF4B-00C04F79EFBC}") = "Kata", "Kata\Kata.csproj", "{5BCDABEB-A611-4C62-AF1B-BA5E8E8BBB60}"
EndProject
Project("{FAE04EC0-301F-11D3-BF4B-00C04F79EFBC}") = "KataTests", "KataTests\KataTests.csproj", "{13FEB175-6DCE-467A-90DA-6E48C1A3FC02}"
EndProject
Global
	GlobalSection(SolutionConfigurationPlatforms) = preSolution
		Debug|Any CPU = Debug|Any CPU
		Release|Any CPU = Release|Any CPU
	EndGlobalSection
	GlobalSection(ProjectConfigurationPlatforms) = postSolution
		{5BCDABEB-A611-4C62-AF1B-BA5E8E8BBB60}.Debug|Any CPU.ActiveCfg = Debug|Any CPU
		{5BCDABEB-A611-4C62-AF1B-BA5E8E8BBB60}.Debug|Any CPU.Build.0 = Debug|Any CPU
		{5BCDABEB-A611-4C62-AF1B-BA5E8E8BBB60}.Release|Any CPU.ActiveCfg = Release|Any CPU
		{5BCDABEB-A611-4C62-AF1B-BA5E8E8BBB60}.Release|Any CPU.Build.0 = Release|Any CPU
		{13FEB175-6DCE-467A-90DA-6E48C1A3FC02}.Debug|Any CPU.ActiveCfg = Debug|Any CPU
		{13FEB175-6DCE-467A-90DA-6E48C1A3FC02}.Debug|Any CPU.Build.0 = Debug|Any CPU
		{13FEB175-6DCE-467A-90DA-6E48C1A3FC02}.Release|Any CPU.ActiveCfg = Release|Any CPU
		{13FEB175-6DCE-467A-90DA-6E48C1A3FC02}.Release|Any CPU.Build.0 = Release|Any CPU
	EndGlobalSection
	GlobalSection(SolutionProperties) = preSolution
		HideSolutionNode = FALSE
	EndGlobalSection
EndGlobal
